
Microsoft Visual Studio Solution File, Format Version 12.00
# Visual Studio Version 16
VisualStudioVersion = 16.0.30523.141
MinimumVisualStudioVersion = 10.0.40219.1
Project("{FAE04EC0-301F-11D3-BF4B-00C04F79EFBC}") = "SubjectsDAL", "SubjectsDAL\SubjectsDAL.csproj", "{95B1D07C-09AC-456E-9F34-8993CB5A4DA8}"
EndProject
Project("{FAE04EC0-301F-11D3-BF4B-00C04F79EFBC}") = "TestingDAL", "TestingDAL\TestingDAL.csproj", "{59362030-EA55-4911-A842-1650C45C494F}"
EndProject
Project("{FAE04EC0-301F-11D3-BF4B-00C04F79EFBC}") = "LittleDatabaseApp", "LittleDatabaseApp\LittleDatabaseApp.csproj", "{32ED1B45-EF6B-43B4-B876-2EB5F477BD86}"
EndProject
Global
	GlobalSection(SolutionConfigurationPlatforms) = preSolution
		Debug|Any CPU = Debug|Any CPU
		Release|Any CPU = Release|Any CPU
	EndGlobalSection
	GlobalSection(ProjectConfigurationPlatforms) = postSolution
		{95B1D07C-09AC-456E-9F34-8993CB5A4DA8}.Debug|Any CPU.ActiveCfg = Debug|Any CPU
		{95B1D07C-09AC-456E-9F34-8993CB5A4DA8}.Debug|Any CPU.Build.0 = Debug|Any CPU
		{95B1D07C-09AC-456E-9F34-8993CB5A4DA8}.Release|Any CPU.ActiveCfg = Release|Any CPU
		{95B1D07C-09AC-456E-9F34-8993CB5A4DA8}.Release|Any CPU.Build.0 = Release|Any CPU
		{59362030-EA55-4911-A842-1650C45C494F}.Debug|Any CPU.ActiveCfg = Debug|Any CPU
		{59362030-EA55-4911-A842-1650C45C494F}.Debug|Any CPU.Build.0 = Debug|Any CPU
		{59362030-EA55-4911-A842-1650C45C494F}.Release|Any CPU.ActiveCfg = Release|Any CPU
		{59362030-EA55-4911-A842-1650C45C494F}.Release|Any CPU.Build.0 = Release|Any CPU
		{32ED1B45-EF6B-43B4-B876-2EB5F477BD86}.Debug|Any CPU.ActiveCfg = Debug|Any CPU
		{32ED1B45-EF6B-43B4-B876-2EB5F477BD86}.Debug|Any CPU.Build.0 = Debug|Any CPU
		{32ED1B45-EF6B-43B4-B876-2EB5F477BD86}.Release|Any CPU.ActiveCfg = Release|Any CPU
		{32ED1B45-EF6B-43B4-B876-2EB5F477BD86}.Release|Any CPU.Build.0 = Release|Any CPU
	EndGlobalSection
	GlobalSection(SolutionProperties) = preSolution
		HideSolutionNode = FALSE
	EndGlobalSection
	GlobalSection(ExtensibilityGlobals) = postSolution
		SolutionGuid = {B3377090-B929-483C-B00B-23274FA2212C}
	EndGlobalSection
EndGlobal
